
Microsoft Visual Studio Solution File, Format Version 12.00
# Visual Studio Version 17
VisualStudioVersion = 17.1.32319.34
MinimumVisualStudioVersion = 10.0.40219.1
Project("{FAE04EC0-301F-11D3-BF4B-00C04F79EFBC}") = "heroku-test", "heroku-test\heroku-test.csproj", "{CAF15DF5-A359-49C1-8A08-625FDC28A3A0}"
EndProject
Global
	GlobalSection(SolutionConfigurationPlatforms) = preSolution
		Debug|Any CPU = Debug|Any CPU
		Release|Any CPU = Release|Any CPU
	EndGlobalSection
	GlobalSection(ProjectConfigurationPlatforms) = postSolution
		{CAF15DF5-A359-49C1-8A08-625FDC28A3A0}.Debug|Any CPU.ActiveCfg = Debug|Any CPU
		{CAF15DF5-A359-49C1-8A08-625FDC28A3A0}.Debug|Any CPU.Build.0 = Debug|Any CPU
		{CAF15DF5-A359-49C1-8A08-625FDC28A3A0}.Release|Any CPU.ActiveCfg = Release|Any CPU
		{CAF15DF5-A359-49C1-8A08-625FDC28A3A0}.Release|Any CPU.Build.0 = Release|Any CPU
	EndGlobalSection
	GlobalSection(SolutionProperties) = preSolution
		HideSolutionNode = FALSE
	EndGlobalSection
	GlobalSection(ExtensibilityGlobals) = postSolution
		SolutionGuid = {AA982FE4-3CDC-4300-A7EA-A1A55134F842}
	EndGlobalSection
EndGlobal
